// !$*UTF8*$!
{
	archiveVersion = 1;
	classes = {
	};
	objectVersion = 55;
	objects = {

/* Begin PBXBuildFile section */
		06FCEF36036BDCA999DAE385 /* MandamongTests.swift in Sources */ = {isa = PBXBuildFile; fileRef = 87E831906D6A1C09C139A38F /* MandamongTests.swift */; };
		0A0D57E0855F0AC294B2C5E1 /* ResponseDTO.swift in Sources */ = {isa = PBXBuildFile; fileRef = B42853EC88638DEFBA041179 /* ResponseDTO.swift */; };
		0F5AB32C1BFF8F40209F9DC3 /* MandaratDetailReponseDTO.swift in Sources */ = {isa = PBXBuildFile; fileRef = 436DA0A86868803A98A274BE /* MandaratDetailReponseDTO.swift */; };
		1224B3B65AE4B5D72C740311 /* TuistBundle+Mandamong.swift in Sources */ = {isa = PBXBuildFile; fileRef = 0F78D76CD8D3686FF3C2DC86 /* TuistBundle+Mandamong.swift */; };
		122DFD348B8880F15104982F /* UpdateMandaratObjectiveDTO.swift in Sources */ = {isa = PBXBuildFile; fileRef = D388D7CC14D2BCFA8F8EA2AE /* UpdateMandaratObjectiveDTO.swift */; };
		1633EC687D4553FFBB2DF95F /* MandaratListResponseDTO.swift in Sources */ = {isa = PBXBuildFile; fileRef = 37230233207204F598EDCA25 /* MandaratListResponseDTO.swift */; };
		169C8A5A8877EF435092879F /* Color.swift in Sources */ = {isa = PBXBuildFile; fileRef = D12EB8699614E9E054382A94 /* Color.swift */; };
		16E768E82F0E68CEF1245010 /* Endpoint.swift in Sources */ = {isa = PBXBuildFile; fileRef = 9F5943A7A894FA4B29A41967 /* Endpoint.swift */; };
		221406FB41F72881C623BED6 /* TuistAssets+Mandamong.swift in Sources */ = {isa = PBXBuildFile; fileRef = 0ADF7AD115EBBED906A9B521 /* TuistAssets+Mandamong.swift */; };
		2487F9503A998DD272367400 /* AISuggestionResponseDTO.swift in Sources */ = {isa = PBXBuildFile; fileRef = D68D7D4D1B383A899CB62C73 /* AISuggestionResponseDTO.swift */; };
		29F20E24A826A9258007B7BE /* UpdateMandaratSubjectDTO.swift in Sources */ = {isa = PBXBuildFile; fileRef = 7B7983E32BA9A3E57689FCCE /* UpdateMandaratSubjectDTO.swift */; };
		2A42224702F3228D0E3F4E66 /* Domain.framework in Frameworks */ = {isa = PBXBuildFile; fileRef = 88CC5AF8B64F3089FD288854 /* Domain.framework */; };
		2DCF14CB33C71D6D00284333 /* CreateActionWithGoalRequestDTO.swift in Sources */ = {isa = PBXBuildFile; fileRef = 94A48669D98A0953708D008F /* CreateActionWithGoalRequestDTO.swift */; };
		306DD2F32F49A89A9B0CB432 /* Domain.framework in Frameworks */ = {isa = PBXBuildFile; fileRef = 88CC5AF8B64F3089FD288854 /* Domain.framework */; };
		3385EB991CB1FD4A8F32116F /* Moya in Frameworks */ = {isa = PBXBuildFile; productRef = AD39F550533109B2C300A196 /* Moya */; };
		4B8D148D77D5D6BD6B4EFD6D /* Presentation.framework in Embed Frameworks */ = {isa = PBXBuildFile; fileRef = 522140584A25FC6BD01CE2D8 /* Presentation.framework */; settings = {ATTRIBUTES = (CodeSignOnCopy, RemoveHeadersOnCopy, ); }; };
		5883D1B5C68048526575D575 /* Repository.framework in Frameworks */ = {isa = PBXBuildFile; fileRef = B74B6B456B6632F9CFE536A6 /* Repository.framework */; };
		5D44FCE493276EE55F281795 /* SpoqaHanSansNeo-Medium.otf in Resources */ = {isa = PBXBuildFile; fileRef = 49954522DBE02FE573CDD417 /* SpoqaHanSansNeo-Medium.otf */; };
		61DADDCF28F947031E7D8C16 /* NetworkService.swift in Sources */ = {isa = PBXBuildFile; fileRef = EE0B5A6C71442486E3F6708A /* NetworkService.swift */; };
		61DC135F54C3B7FEADC8EC12 /* UpdateActionStatusDTO.swift in Sources */ = {isa = PBXBuildFile; fileRef = B198ADD91DEC2ABD4E7CAA44 /* UpdateActionStatusDTO.swift */; };
		68917B2C2D82093E3FF8BDD2 /* LoginRequestDTO.swift in Sources */ = {isa = PBXBuildFile; fileRef = DDA56A3EDA0AB6DF435F8BC5 /* LoginRequestDTO.swift */; };
		69D336F9B3AA9FBC2C218343 /* CreateMandaratByTopicResponseDTO.swift in Sources */ = {isa = PBXBuildFile; fileRef = 90667660A6F762F40BF198C2 /* CreateMandaratByTopicResponseDTO.swift */; };
		6A7865E611782ABE11ABC9AB /* MandaratView.swift in Sources */ = {isa = PBXBuildFile; fileRef = 8FC7F3AA0C5CD9157F4AAB01 /* MandaratView.swift */; };
		6B536E0A1CADF2B98F80EAE9 /* SaveMandaratDTO.swift in Sources */ = {isa = PBXBuildFile; fileRef = CD63DC58296FFBDF6D069CB4 /* SaveMandaratDTO.swift */; };
		6FFB68A5E5202CD330EE4385 /* MandamongApp.swift in Sources */ = {isa = PBXBuildFile; fileRef = 5060B5DE7A205F8B8354568C /* MandamongApp.swift */; };
		758E5F880A7289F00AA80069 /* ComposableArchitecture in Frameworks */ = {isa = PBXBuildFile; productRef = 235B2C3FC5756DD6B9301A85 /* ComposableArchitecture */; };
		784FDB0D66D0190E46762612 /* UpdateMandaratTitleDTO.swift in Sources */ = {isa = PBXBuildFile; fileRef = D2440F624F3813A9EC8F3164 /* UpdateMandaratTitleDTO.swift */; };
		7BD7E5D149B6509ADAC1A4AE /* SpoqaHanSansNeo-Bold.otf in Resources */ = {isa = PBXBuildFile; fileRef = 2188E5AFA70C5AB120CCDA4F /* SpoqaHanSansNeo-Bold.otf */; };
		7EF97B871919D79B60D4027F /* ProminentButtonStyle.swift in Sources */ = {isa = PBXBuildFile; fileRef = 43D05B2764358F47BA9455F0 /* ProminentButtonStyle.swift */; };
		81042D8B98B657F9B1ECDAA8 /* TuistFonts+Mandamong.swift in Sources */ = {isa = PBXBuildFile; fileRef = BE5ED9B9030796149102639D /* TuistFonts+Mandamong.swift */; };
		8A116338DC04F925CF578F58 /* Presentation.framework in Frameworks */ = {isa = PBXBuildFile; fileRef = 522140584A25FC6BD01CE2D8 /* Presentation.framework */; };
		91E99A36AE204571BCB55501 /* Infrastructure.framework in Frameworks */ = {isa = PBXBuildFile; fileRef = 5060AF01F14F069282867A5E /* Infrastructure.framework */; };
		9D6EDBC6B2E42D9BAEDA37F7 /* ReissueTokenRequestDTO.swift in Sources */ = {isa = PBXBuildFile; fileRef = 76E8006F888186954987EDC3 /* ReissueTokenRequestDTO.swift */; };
		9D786741DC3AFFE820265D93 /* OrderOption.swift in Sources */ = {isa = PBXBuildFile; fileRef = 18987E125B4534FB8A7F4A68 /* OrderOption.swift */; };
		9D853107CFA11BE1FEFA817D /* Preview Assets.xcassets in Resources */ = {isa = PBXBuildFile; fileRef = A68707F5296FC20C7D229DC7 /* Preview Assets.xcassets */; };
		A07BF36D3EAC81AAA6C60E39 /* Domain.framework in Embed Frameworks */ = {isa = PBXBuildFile; fileRef = 88CC5AF8B64F3089FD288854 /* Domain.framework */; settings = {ATTRIBUTES = (CodeSignOnCopy, RemoveHeadersOnCopy, ); }; };
		A450BEE7BB17EB7EA371F3A6 /* SpoqaHanSansNeo-Regular.otf in Resources */ = {isa = PBXBuildFile; fileRef = 49FAA88872DD4B8590F360B3 /* SpoqaHanSansNeo-Regular.otf */; };
		AB68B6EB7557B457BEA105B0 /* Infrastructure.framework in Embed Frameworks */ = {isa = PBXBuildFile; fileRef = 5060AF01F14F069282867A5E /* Infrastructure.framework */; settings = {ATTRIBUTES = (CodeSignOnCopy, RemoveHeadersOnCopy, ); }; };
		B23145764BA4824C0E27A81E /* EmailAuthenticationCodeRequestDTO.swift in Sources */ = {isa = PBXBuildFile; fileRef = B53237D5C06148796673D3AF /* EmailAuthenticationCodeRequestDTO.swift */; };
		B336F26EC357BA51BB7A39B6 /* Repository.framework in Embed Frameworks */ = {isa = PBXBuildFile; fileRef = B74B6B456B6632F9CFE536A6 /* Repository.framework */; settings = {ATTRIBUTES = (CodeSignOnCopy, RemoveHeadersOnCopy, ); }; };
		B75DC76EA88CC5974FFE5B0F /* RootView.swift in Sources */ = {isa = PBXBuildFile; fileRef = 618410BDB09C2DB253644FC2 /* RootView.swift */; };
		C16963CCCC2B19AF9E2656EA /* MandamongTextStyle.swift in Sources */ = {isa = PBXBuildFile; fileRef = 516EEF22057A126217F55318 /* MandamongTextStyle.swift */; };
		C595D45BFAE85F327FABCD8F /* Mandarat.swift in Sources */ = {isa = PBXBuildFile; fileRef = E671970C65EB6341613787C9 /* Mandarat.swift */; };
		D7CB5A27EC01F76EFFFAE0F8 /* UpdateMandaratActionDTO.swift in Sources */ = {isa = PBXBuildFile; fileRef = 871026AF29E176FFFE009887 /* UpdateMandaratActionDTO.swift */; };
		F90661C9CB47D3DBD50A110A /* Assets.xcassets in Resources */ = {isa = PBXBuildFile; fileRef = 047921508871ABCF155D2941 /* Assets.xcassets */; };
/* End PBXBuildFile section */

/* Begin PBXContainerItemProxy section */
		084608599673604BCF1921B7 /* PBXContainerItemProxy */ = {
			isa = PBXContainerItemProxy;
			containerPortal = CF46D361BD7AE3093E4806F3 /* Project object */;
			proxyType = 1;
			remoteGlobalIDString = 3827872983B4CD55733D03FF;
			remoteInfo = Mandamong;
		};
		2B66FC13C71C5E6F6EA02EC5 /* PBXContainerItemProxy */ = {
			isa = PBXContainerItemProxy;
			containerPortal = CF46D361BD7AE3093E4806F3 /* Project object */;
			proxyType = 1;
			remoteGlobalIDString = 244B6337682B65E0ECF9537B;
			remoteInfo = Repository;
		};
		3A49CD76108545341A9F8918 /* PBXContainerItemProxy */ = {
			isa = PBXContainerItemProxy;
			containerPortal = CF46D361BD7AE3093E4806F3 /* Project object */;
			proxyType = 1;
			remoteGlobalIDString = 8680C3763903A715E3E6D8B2;
			remoteInfo = Infrastructure;
		};
		85B54897AE6D8B9DF26C6245 /* PBXContainerItemProxy */ = {
			isa = PBXContainerItemProxy;
			containerPortal = CF46D361BD7AE3093E4806F3 /* Project object */;
			proxyType = 1;
			remoteGlobalIDString = 511A20A36173862828F570F3;
			remoteInfo = Domain;
		};
		E8C3AB03115E06D202C1D891 /* PBXContainerItemProxy */ = {
			isa = PBXContainerItemProxy;
			containerPortal = CF46D361BD7AE3093E4806F3 /* Project object */;
			proxyType = 1;
			remoteGlobalIDString = FF6B58FB740BC8FD574498FE;
			remoteInfo = Presentation;
		};
		F5A2FC698885E38504818ABD /* PBXContainerItemProxy */ = {
			isa = PBXContainerItemProxy;
			containerPortal = CF46D361BD7AE3093E4806F3 /* Project object */;
			proxyType = 1;
			remoteGlobalIDString = 511A20A36173862828F570F3;
			remoteInfo = Domain;
		};
/* End PBXContainerItemProxy section */

/* Begin PBXCopyFilesBuildPhase section */
		189121CE796C2E6E89A7195F /* Embed Frameworks */ = {
			isa = PBXCopyFilesBuildPhase;
			buildActionMask = 2147483647;
			dstPath = "";
			dstSubfolderSpec = 10;
			files = (
			);
			name = "Embed Frameworks";
			runOnlyForDeploymentPostprocessing = 0;
		};
		BEA81CC27889320853AF624C /* Embed Frameworks */ = {
			isa = PBXCopyFilesBuildPhase;
			buildActionMask = 2147483647;
			dstPath = "";
			dstSubfolderSpec = 10;
			files = (
			);
			name = "Embed Frameworks";
			runOnlyForDeploymentPostprocessing = 0;
		};
		C26BF7B36B5DCF8C610281AA /* Embed Frameworks */ = {
			isa = PBXCopyFilesBuildPhase;
			buildActionMask = 2147483647;
			dstPath = "";
			dstSubfolderSpec = 10;
			files = (
			);
			name = "Embed Frameworks";
			runOnlyForDeploymentPostprocessing = 0;
		};
		D855C790E365D2B2DD0F35AF /* Embed Frameworks */ = {
			isa = PBXCopyFilesBuildPhase;
			buildActionMask = 2147483647;
			dstPath = "";
			dstSubfolderSpec = 10;
			files = (
			);
			name = "Embed Frameworks";
			runOnlyForDeploymentPostprocessing = 0;
		};
		F060740436FE6B62FCAB8DA3 /* Embed Frameworks */ = {
			isa = PBXCopyFilesBuildPhase;
			buildActionMask = 2147483647;
			dstPath = "";
			dstSubfolderSpec = 10;
			files = (
				A07BF36D3EAC81AAA6C60E39 /* Domain.framework in Embed Frameworks */,
				AB68B6EB7557B457BEA105B0 /* Infrastructure.framework in Embed Frameworks */,
				4B8D148D77D5D6BD6B4EFD6D /* Presentation.framework in Embed Frameworks */,
				B336F26EC357BA51BB7A39B6 /* Repository.framework in Embed Frameworks */,
			);
			name = "Embed Frameworks";
			runOnlyForDeploymentPostprocessing = 0;
		};
		F8EFC021F87F16576C4CABA6 /* Embed Frameworks */ = {
			isa = PBXCopyFilesBuildPhase;
			buildActionMask = 2147483647;
			dstPath = "";
			dstSubfolderSpec = 10;
			files = (
			);
			name = "Embed Frameworks";
			runOnlyForDeploymentPostprocessing = 0;
		};
/* End PBXCopyFilesBuildPhase section */

/* Begin PBXFileReference section */
		047921508871ABCF155D2941 /* Assets.xcassets */ = {isa = PBXFileReference; lastKnownFileType = folder.assetcatalog; path = Assets.xcassets; sourceTree = "<group>"; };
		0ADF7AD115EBBED906A9B521 /* TuistAssets+Mandamong.swift */ = {isa = PBXFileReference; lastKnownFileType = sourcecode.swift; path = "TuistAssets+Mandamong.swift"; sourceTree = "<group>"; };
		0F78D76CD8D3686FF3C2DC86 /* TuistBundle+Mandamong.swift */ = {isa = PBXFileReference; lastKnownFileType = sourcecode.swift; path = "TuistBundle+Mandamong.swift"; sourceTree = "<group>"; };
		18987E125B4534FB8A7F4A68 /* OrderOption.swift */ = {isa = PBXFileReference; lastKnownFileType = sourcecode.swift; path = OrderOption.swift; sourceTree = "<group>"; };
		1B70AE00F9EEEC7E0AA10A04 /* Repository-Info.plist */ = {isa = PBXFileReference; lastKnownFileType = text.plist; path = "Repository-Info.plist"; sourceTree = "<group>"; };
		2188E5AFA70C5AB120CCDA4F /* SpoqaHanSansNeo-Bold.otf */ = {isa = PBXFileReference; lastKnownFileType = file; path = "SpoqaHanSansNeo-Bold.otf"; sourceTree = "<group>"; };
		31614F0724550BC4709F0F1C /* MandamongTests.xctest */ = {isa = PBXFileReference; explicitFileType = wrapper.cfbundle; includeInIndex = 0; path = MandamongTests.xctest; sourceTree = BUILT_PRODUCTS_DIR; };
		37230233207204F598EDCA25 /* MandaratListResponseDTO.swift */ = {isa = PBXFileReference; lastKnownFileType = sourcecode.swift; path = MandaratListResponseDTO.swift; sourceTree = "<group>"; };
		436DA0A86868803A98A274BE /* MandaratDetailReponseDTO.swift */ = {isa = PBXFileReference; lastKnownFileType = sourcecode.swift; path = MandaratDetailReponseDTO.swift; sourceTree = "<group>"; };
		43D05B2764358F47BA9455F0 /* ProminentButtonStyle.swift */ = {isa = PBXFileReference; lastKnownFileType = sourcecode.swift; path = ProminentButtonStyle.swift; sourceTree = "<group>"; };
		4933FC8A7D21835282289F2E /* Presentation-Info.plist */ = {isa = PBXFileReference; lastKnownFileType = text.plist; path = "Presentation-Info.plist"; sourceTree = "<group>"; };
		49954522DBE02FE573CDD417 /* SpoqaHanSansNeo-Medium.otf */ = {isa = PBXFileReference; lastKnownFileType = file; path = "SpoqaHanSansNeo-Medium.otf"; sourceTree = "<group>"; };
		49FAA88872DD4B8590F360B3 /* SpoqaHanSansNeo-Regular.otf */ = {isa = PBXFileReference; lastKnownFileType = file; path = "SpoqaHanSansNeo-Regular.otf"; sourceTree = "<group>"; };
		503B7905F70AFB0D08937459 /* Infrastructure-Info.plist */ = {isa = PBXFileReference; lastKnownFileType = text.plist; path = "Infrastructure-Info.plist"; sourceTree = "<group>"; };
		5060AF01F14F069282867A5E /* Infrastructure.framework */ = {isa = PBXFileReference; explicitFileType = wrapper.framework; includeInIndex = 0; path = Infrastructure.framework; sourceTree = BUILT_PRODUCTS_DIR; };
		5060B5DE7A205F8B8354568C /* MandamongApp.swift */ = {isa = PBXFileReference; lastKnownFileType = sourcecode.swift; path = MandamongApp.swift; sourceTree = "<group>"; };
		516EEF22057A126217F55318 /* MandamongTextStyle.swift */ = {isa = PBXFileReference; lastKnownFileType = sourcecode.swift; path = MandamongTextStyle.swift; sourceTree = "<group>"; };
		522140584A25FC6BD01CE2D8 /* Presentation.framework */ = {isa = PBXFileReference; explicitFileType = wrapper.framework; includeInIndex = 0; path = Presentation.framework; sourceTree = BUILT_PRODUCTS_DIR; };
		618410BDB09C2DB253644FC2 /* RootView.swift */ = {isa = PBXFileReference; lastKnownFileType = sourcecode.swift; path = RootView.swift; sourceTree = "<group>"; };
		6E8497F06B839EE3A4B574CB /* Mandamong.app */ = {isa = PBXFileReference; explicitFileType = wrapper.application; includeInIndex = 0; path = Mandamong.app; sourceTree = BUILT_PRODUCTS_DIR; };
		76E8006F888186954987EDC3 /* ReissueTokenRequestDTO.swift */ = {isa = PBXFileReference; lastKnownFileType = sourcecode.swift; path = ReissueTokenRequestDTO.swift; sourceTree = "<group>"; };
		7B7983E32BA9A3E57689FCCE /* UpdateMandaratSubjectDTO.swift */ = {isa = PBXFileReference; lastKnownFileType = sourcecode.swift; path = UpdateMandaratSubjectDTO.swift; sourceTree = "<group>"; };
		871026AF29E176FFFE009887 /* UpdateMandaratActionDTO.swift */ = {isa = PBXFileReference; lastKnownFileType = sourcecode.swift; path = UpdateMandaratActionDTO.swift; sourceTree = "<group>"; };
		87E831906D6A1C09C139A38F /* MandamongTests.swift */ = {isa = PBXFileReference; lastKnownFileType = sourcecode.swift; path = MandamongTests.swift; sourceTree = "<group>"; };
		88CC5AF8B64F3089FD288854 /* Domain.framework */ = {isa = PBXFileReference; explicitFileType = wrapper.framework; includeInIndex = 0; path = Domain.framework; sourceTree = BUILT_PRODUCTS_DIR; };
		8FC7F3AA0C5CD9157F4AAB01 /* MandaratView.swift */ = {isa = PBXFileReference; lastKnownFileType = sourcecode.swift; path = MandaratView.swift; sourceTree = "<group>"; };
		90667660A6F762F40BF198C2 /* CreateMandaratByTopicResponseDTO.swift */ = {isa = PBXFileReference; lastKnownFileType = sourcecode.swift; path = CreateMandaratByTopicResponseDTO.swift; sourceTree = "<group>"; };
		94A48669D98A0953708D008F /* CreateActionWithGoalRequestDTO.swift */ = {isa = PBXFileReference; lastKnownFileType = sourcecode.swift; path = CreateActionWithGoalRequestDTO.swift; sourceTree = "<group>"; };
		9F5943A7A894FA4B29A41967 /* Endpoint.swift */ = {isa = PBXFileReference; lastKnownFileType = sourcecode.swift; path = Endpoint.swift; sourceTree = "<group>"; };
		A574C75DB1F8BB9E7F45849E /* Domain-Info.plist */ = {isa = PBXFileReference; lastKnownFileType = text.plist; path = "Domain-Info.plist"; sourceTree = "<group>"; };
		A68707F5296FC20C7D229DC7 /* Preview Assets.xcassets */ = {isa = PBXFileReference; lastKnownFileType = folder.assetcatalog; path = "Preview Assets.xcassets"; sourceTree = "<group>"; };
		AC22B666893203DDC9A53AD8 /* MandamongTests-Info.plist */ = {isa = PBXFileReference; lastKnownFileType = text.plist; path = "MandamongTests-Info.plist"; sourceTree = "<group>"; };
		B198ADD91DEC2ABD4E7CAA44 /* UpdateActionStatusDTO.swift */ = {isa = PBXFileReference; lastKnownFileType = sourcecode.swift; path = UpdateActionStatusDTO.swift; sourceTree = "<group>"; };
		B42853EC88638DEFBA041179 /* ResponseDTO.swift */ = {isa = PBXFileReference; lastKnownFileType = sourcecode.swift; path = ResponseDTO.swift; sourceTree = "<group>"; };
		B53237D5C06148796673D3AF /* EmailAuthenticationCodeRequestDTO.swift */ = {isa = PBXFileReference; lastKnownFileType = sourcecode.swift; path = EmailAuthenticationCodeRequestDTO.swift; sourceTree = "<group>"; };
		B74B6B456B6632F9CFE536A6 /* Repository.framework */ = {isa = PBXFileReference; explicitFileType = wrapper.framework; includeInIndex = 0; path = Repository.framework; sourceTree = BUILT_PRODUCTS_DIR; };
		BE5ED9B9030796149102639D /* TuistFonts+Mandamong.swift */ = {isa = PBXFileReference; lastKnownFileType = sourcecode.swift; path = "TuistFonts+Mandamong.swift"; sourceTree = "<group>"; };
		CD63DC58296FFBDF6D069CB4 /* SaveMandaratDTO.swift */ = {isa = PBXFileReference; lastKnownFileType = sourcecode.swift; path = SaveMandaratDTO.swift; sourceTree = "<group>"; };
		D12EB8699614E9E054382A94 /* Color.swift */ = {isa = PBXFileReference; lastKnownFileType = sourcecode.swift; path = Color.swift; sourceTree = "<group>"; };
		D2440F624F3813A9EC8F3164 /* UpdateMandaratTitleDTO.swift */ = {isa = PBXFileReference; lastKnownFileType = sourcecode.swift; path = UpdateMandaratTitleDTO.swift; sourceTree = "<group>"; };
		D388D7CC14D2BCFA8F8EA2AE /* UpdateMandaratObjectiveDTO.swift */ = {isa = PBXFileReference; lastKnownFileType = sourcecode.swift; path = UpdateMandaratObjectiveDTO.swift; sourceTree = "<group>"; };
		D68D7D4D1B383A899CB62C73 /* AISuggestionResponseDTO.swift */ = {isa = PBXFileReference; lastKnownFileType = sourcecode.swift; path = AISuggestionResponseDTO.swift; sourceTree = "<group>"; };
		DDA56A3EDA0AB6DF435F8BC5 /* LoginRequestDTO.swift */ = {isa = PBXFileReference; lastKnownFileType = sourcecode.swift; path = LoginRequestDTO.swift; sourceTree = "<group>"; };
		DE563480DAC2E7DFAF66C655 /* Mandamong-Info.plist */ = {isa = PBXFileReference; lastKnownFileType = text.plist; path = "Mandamong-Info.plist"; sourceTree = "<group>"; };
		E671970C65EB6341613787C9 /* Mandarat.swift */ = {isa = PBXFileReference; lastKnownFileType = sourcecode.swift; path = Mandarat.swift; sourceTree = "<group>"; };
		EE0B5A6C71442486E3F6708A /* NetworkService.swift */ = {isa = PBXFileReference; lastKnownFileType = sourcecode.swift; path = NetworkService.swift; sourceTree = "<group>"; };
/* End PBXFileReference section */

/* Begin PBXFrameworksBuildPhase section */
		0F21E3FE83DFAF5A40DC8E7E /* Frameworks */ = {
			isa = PBXFrameworksBuildPhase;
			buildActionMask = 2147483647;
			files = (
				8A116338DC04F925CF578F58 /* Presentation.framework in Frameworks */,
				5883D1B5C68048526575D575 /* Repository.framework in Frameworks */,
			);
			runOnlyForDeploymentPostprocessing = 0;
		};
		1F5FEA6D159A4A67CB1A577C /* Frameworks */ = {
			isa = PBXFrameworksBuildPhase;
			buildActionMask = 2147483647;
			files = (
				306DD2F32F49A89A9B0CB432 /* Domain.framework in Frameworks */,
				758E5F880A7289F00AA80069 /* ComposableArchitecture in Frameworks */,
			);
			runOnlyForDeploymentPostprocessing = 0;
		};
		49D1D7A71F16AA25E3A1A445 /* Frameworks */ = {
			isa = PBXFrameworksBuildPhase;
			buildActionMask = 2147483647;
			files = (
				2A42224702F3228D0E3F4E66 /* Domain.framework in Frameworks */,
				91E99A36AE204571BCB55501 /* Infrastructure.framework in Frameworks */,
			);
			runOnlyForDeploymentPostprocessing = 0;
		};
		AE4ED6CC0470BECF4C677E62 /* Frameworks */ = {
			isa = PBXFrameworksBuildPhase;
			buildActionMask = 2147483647;
			files = (
			);
			runOnlyForDeploymentPostprocessing = 0;
		};
		CCB7C5F4D138820B2D7E8A2E /* Frameworks */ = {
			isa = PBXFrameworksBuildPhase;
			buildActionMask = 2147483647;
			files = (
			);
			runOnlyForDeploymentPostprocessing = 0;
		};
		D1ED1BA7AA6DEDDDCF4C880A /* Frameworks */ = {
			isa = PBXFrameworksBuildPhase;
			buildActionMask = 2147483647;
			files = (
				3385EB991CB1FD4A8F32116F /* Moya in Frameworks */,
			);
			runOnlyForDeploymentPostprocessing = 0;
		};
/* End PBXFrameworksBuildPhase section */

/* Begin PBXGroup section */
		3307FE643587CF6A11B51278 /* DTO */ = {
			isa = PBXGroup;
			children = (
				D68D7D4D1B383A899CB62C73 /* AISuggestionResponseDTO.swift */,
				94A48669D98A0953708D008F /* CreateActionWithGoalRequestDTO.swift */,
				90667660A6F762F40BF198C2 /* CreateMandaratByTopicResponseDTO.swift */,
				B53237D5C06148796673D3AF /* EmailAuthenticationCodeRequestDTO.swift */,
				DDA56A3EDA0AB6DF435F8BC5 /* LoginRequestDTO.swift */,
				436DA0A86868803A98A274BE /* MandaratDetailReponseDTO.swift */,
				37230233207204F598EDCA25 /* MandaratListResponseDTO.swift */,
				76E8006F888186954987EDC3 /* ReissueTokenRequestDTO.swift */,
				B42853EC88638DEFBA041179 /* ResponseDTO.swift */,
				CD63DC58296FFBDF6D069CB4 /* SaveMandaratDTO.swift */,
				B198ADD91DEC2ABD4E7CAA44 /* UpdateActionStatusDTO.swift */,
				871026AF29E176FFFE009887 /* UpdateMandaratActionDTO.swift */,
				D388D7CC14D2BCFA8F8EA2AE /* UpdateMandaratObjectiveDTO.swift */,
				7B7983E32BA9A3E57689FCCE /* UpdateMandaratSubjectDTO.swift */,
				D2440F624F3813A9EC8F3164 /* UpdateMandaratTitleDTO.swift */,
			);
			path = DTO;
			sourceTree = "<group>";
		};
		465E62D3EC1444526D7F2376 /* Sources */ = {
			isa = PBXGroup;
			children = (
				B8F2386D75DAC8657DF6AD73 /* Application */,
				CB024DE804B161E6B3B13CCD /* Domain */,
				CE432148FF1FD11CB5D81A71 /* Infrastructure */,
				769624F96C5124955C0C15D1 /* Presentation */,
			);
			path = Sources;
			sourceTree = "<group>";
		};
		4DF59E0154C1A92862FF6125 /* Resources */ = {
			isa = PBXGroup;
			children = (
				C761928C7952F7C8B5463F57 /* Fonts */,
				E90BFC95B135C83BFD15BDA9 /* Preview Content */,
				047921508871ABCF155D2941 /* Assets.xcassets */,
			);
			path = Resources;
			sourceTree = "<group>";
		};
		59473CD7C4861EC3752112E0 /* Derived */ = {
			isa = PBXGroup;
			children = (
				E03A291067D8E290B6849819 /* InfoPlists */,
				CC7ED9B0C44C276F8407B871 /* Sources */,
			);
			path = Derived;
			sourceTree = "<group>";
		};
		5DA8599F3F00E450284BFD3C /* Network */ = {
			isa = PBXGroup;
			children = (
				9F5943A7A894FA4B29A41967 /* Endpoint.swift */,
				EE0B5A6C71442486E3F6708A /* NetworkService.swift */,
			);
			path = Network;
			sourceTree = "<group>";
		};
		663EFCECE886EF4A6D1E95AD /* Root */ = {
			isa = PBXGroup;
			children = (
				8FC7F3AA0C5CD9157F4AAB01 /* MandaratView.swift */,
				618410BDB09C2DB253644FC2 /* RootView.swift */,
			);
			path = Root;
			sourceTree = "<group>";
		};
		769624F96C5124955C0C15D1 /* Presentation */ = {
			isa = PBXGroup;
			children = (
				663EFCECE886EF4A6D1E95AD /* Root */,
				DA69703E2236D7BE4E55329D /* Shared */,
			);
			path = Presentation;
			sourceTree = "<group>";
		};
		862170E85C34D7F5CF049EA3 /* Products */ = {
			isa = PBXGroup;
			children = (
				88CC5AF8B64F3089FD288854 /* Domain.framework */,
				5060AF01F14F069282867A5E /* Infrastructure.framework */,
				6E8497F06B839EE3A4B574CB /* Mandamong.app */,
				31614F0724550BC4709F0F1C /* MandamongTests.xctest */,
				522140584A25FC6BD01CE2D8 /* Presentation.framework */,
				B74B6B456B6632F9CFE536A6 /* Repository.framework */,
			);
			name = Products;
			sourceTree = "<group>";
		};
		993E2A916DE14A8485D41E14 /* Mandamong */ = {
			isa = PBXGroup;
			children = (
				4DF59E0154C1A92862FF6125 /* Resources */,
				465E62D3EC1444526D7F2376 /* Sources */,
				DEA5CD86676A4D6763DF4E25 /* Tests */,
			);
			path = Mandamong;
			sourceTree = "<group>";
		};
		A8D6C3C8F5DA54BBD06A780B /* Entity */ = {
			isa = PBXGroup;
			children = (
				E671970C65EB6341613787C9 /* Mandarat.swift */,
				18987E125B4534FB8A7F4A68 /* OrderOption.swift */,
			);
			path = Entity;
			sourceTree = "<group>";
		};
		B8F2386D75DAC8657DF6AD73 /* Application */ = {
			isa = PBXGroup;
			children = (
				5060B5DE7A205F8B8354568C /* MandamongApp.swift */,
			);
			path = Application;
			sourceTree = "<group>";
		};
		C761928C7952F7C8B5463F57 /* Fonts */ = {
			isa = PBXGroup;
			children = (
				2188E5AFA70C5AB120CCDA4F /* SpoqaHanSansNeo-Bold.otf */,
				49954522DBE02FE573CDD417 /* SpoqaHanSansNeo-Medium.otf */,
				49FAA88872DD4B8590F360B3 /* SpoqaHanSansNeo-Regular.otf */,
			);
			path = Fonts;
			sourceTree = "<group>";
		};
		CB024DE804B161E6B3B13CCD /* Domain */ = {
			isa = PBXGroup;
			children = (
				A8D6C3C8F5DA54BBD06A780B /* Entity */,
			);
			path = Domain;
			sourceTree = "<group>";
		};
		CC7ED9B0C44C276F8407B871 /* Sources */ = {
			isa = PBXGroup;
			children = (
				0ADF7AD115EBBED906A9B521 /* TuistAssets+Mandamong.swift */,
				0F78D76CD8D3686FF3C2DC86 /* TuistBundle+Mandamong.swift */,
				BE5ED9B9030796149102639D /* TuistFonts+Mandamong.swift */,
			);
			path = Sources;
			sourceTree = "<group>";
		};
		CE432148FF1FD11CB5D81A71 /* Infrastructure */ = {
			isa = PBXGroup;
			children = (
				E26606D1C271430D2EE362AE /* Service */,
			);
			path = Infrastructure;
			sourceTree = "<group>";
		};
		DA69703E2236D7BE4E55329D /* Shared */ = {
			isa = PBXGroup;
			children = (
				EE9F9BF04FCD4CA5F6B1F410 /* DesignSystem */,
			);
			path = Shared;
			sourceTree = "<group>";
		};
		DEA5CD86676A4D6763DF4E25 /* Tests */ = {
			isa = PBXGroup;
			children = (
				87E831906D6A1C09C139A38F /* MandamongTests.swift */,
			);
			path = Tests;
			sourceTree = "<group>";
		};
		E03A291067D8E290B6849819 /* InfoPlists */ = {
			isa = PBXGroup;
			children = (
				A574C75DB1F8BB9E7F45849E /* Domain-Info.plist */,
				503B7905F70AFB0D08937459 /* Infrastructure-Info.plist */,
				DE563480DAC2E7DFAF66C655 /* Mandamong-Info.plist */,
				AC22B666893203DDC9A53AD8 /* MandamongTests-Info.plist */,
				4933FC8A7D21835282289F2E /* Presentation-Info.plist */,
				1B70AE00F9EEEC7E0AA10A04 /* Repository-Info.plist */,
			);
			path = InfoPlists;
			sourceTree = "<group>";
		};
		E26606D1C271430D2EE362AE /* Service */ = {
			isa = PBXGroup;
			children = (
				3307FE643587CF6A11B51278 /* DTO */,
				5DA8599F3F00E450284BFD3C /* Network */,
			);
			path = Service;
			sourceTree = "<group>";
		};
		E90BFC95B135C83BFD15BDA9 /* Preview Content */ = {
			isa = PBXGroup;
			children = (
				A68707F5296FC20C7D229DC7 /* Preview Assets.xcassets */,
			);
			path = "Preview Content";
			sourceTree = "<group>";
		};
		EBD4BB086EC9E81D95746410 /* Project */ = {
			isa = PBXGroup;
			children = (
				59473CD7C4861EC3752112E0 /* Derived */,
				993E2A916DE14A8485D41E14 /* Mandamong */,
			);
			name = Project;
			sourceTree = "<group>";
		};
		EE9F9BF04FCD4CA5F6B1F410 /* DesignSystem */ = {
			isa = PBXGroup;
			children = (
				D12EB8699614E9E054382A94 /* Color.swift */,
				516EEF22057A126217F55318 /* MandamongTextStyle.swift */,
				43D05B2764358F47BA9455F0 /* ProminentButtonStyle.swift */,
			);
			path = DesignSystem;
			sourceTree = "<group>";
		};
		FE9A4A3C17E468C973712498 = {
			isa = PBXGroup;
			children = (
				EBD4BB086EC9E81D95746410 /* Project */,
				862170E85C34D7F5CF049EA3 /* Products */,
			);
			sourceTree = "<group>";
		};
/* End PBXGroup section */

/* Begin PBXNativeTarget section */
		244B6337682B65E0ECF9537B /* Repository */ = {
			isa = PBXNativeTarget;
			buildConfigurationList = D3EF2AD6319C866C4D7830A2 /* Build configuration list for PBXNativeTarget "Repository" */;
			buildPhases = (
				62E5A4DC542518C95286094A /* Sources */,
				EAE0A537F1F1BA012234A91B /* Resources */,
				D855C790E365D2B2DD0F35AF /* Embed Frameworks */,
				49D1D7A71F16AA25E3A1A445 /* Frameworks */,
			);
			buildRules = (
			);
			dependencies = (
				44C1ECE79B1B2E597ABC2D99 /* PBXTargetDependency */,
				5A768D156C1C08085E40A6B5 /* PBXTargetDependency */,
			);
			name = Repository;
			productName = Repository;
			productReference = B74B6B456B6632F9CFE536A6 /* Repository.framework */;
			productType = "com.apple.product-type.framework";
		};
		3827872983B4CD55733D03FF /* Mandamong */ = {
			isa = PBXNativeTarget;
			buildConfigurationList = AC939082EC408667E85C6BD3 /* Build configuration list for PBXNativeTarget "Mandamong" */;
			buildPhases = (
				43D2253797C786CCD2DD783D /* Sources */,
				E3A7162A932FD13534BE5A6D /* Resources */,
				F060740436FE6B62FCAB8DA3 /* Embed Frameworks */,
				0F21E3FE83DFAF5A40DC8E7E /* Frameworks */,
			);
			buildRules = (
			);
			dependencies = (
				5BC73E13D287561FE6CE13CE /* PBXTargetDependency */,
				FF5BBF037FAD649A73A0DE08 /* PBXTargetDependency */,
			);
			name = Mandamong;
			productName = Mandamong;
			productReference = 6E8497F06B839EE3A4B574CB /* Mandamong.app */;
			productType = "com.apple.product-type.application";
		};
		45D955F02E84705104BD1452 /* MandamongTests */ = {
			isa = PBXNativeTarget;
			buildConfigurationList = 377922E20590630C23D36341 /* Build configuration list for PBXNativeTarget "MandamongTests" */;
			buildPhases = (
				90D2AB8FDECF57700BB73B61 /* Sources */,
				12B90554EE9260FEB449AFCB /* Resources */,
				BEA81CC27889320853AF624C /* Embed Frameworks */,
				AE4ED6CC0470BECF4C677E62 /* Frameworks */,
			);
			buildRules = (
			);
			dependencies = (
				37FAFD3D220CECF75A9D9779 /* PBXTargetDependency */,
			);
			name = MandamongTests;
			productName = MandamongTests;
			productReference = 31614F0724550BC4709F0F1C /* MandamongTests.xctest */;
			productType = "com.apple.product-type.bundle.unit-test";
		};
		511A20A36173862828F570F3 /* Domain */ = {
			isa = PBXNativeTarget;
			buildConfigurationList = 67FF366A561B18DFACE80951 /* Build configuration list for PBXNativeTarget "Domain" */;
			buildPhases = (
				96F516A993A4487C2C4FE8A3 /* Sources */,
				8CBA472916D2D1C564BB7A82 /* Resources */,
				189121CE796C2E6E89A7195F /* Embed Frameworks */,
				CCB7C5F4D138820B2D7E8A2E /* Frameworks */,
			);
			buildRules = (
			);
			dependencies = (
			);
			name = Domain;
			productName = Domain;
			productReference = 88CC5AF8B64F3089FD288854 /* Domain.framework */;
			productType = "com.apple.product-type.framework";
		};
		8680C3763903A715E3E6D8B2 /* Infrastructure */ = {
			isa = PBXNativeTarget;
			buildConfigurationList = 2C57D6F2561D975636922752 /* Build configuration list for PBXNativeTarget "Infrastructure" */;
			buildPhases = (
				9D1CDB89F067837782C44768 /* Sources */,
				F50E63F365F37B3B911A03BF /* Resources */,
				C26BF7B36B5DCF8C610281AA /* Embed Frameworks */,
				D1ED1BA7AA6DEDDDCF4C880A /* Frameworks */,
			);
			buildRules = (
			);
			dependencies = (
			);
			name = Infrastructure;
			packageProductDependencies = (
				AD39F550533109B2C300A196 /* Moya */,
			);
			productName = Infrastructure;
			productReference = 5060AF01F14F069282867A5E /* Infrastructure.framework */;
			productType = "com.apple.product-type.framework";
		};
		FF6B58FB740BC8FD574498FE /* Presentation */ = {
			isa = PBXNativeTarget;
			buildConfigurationList = BC093DDA516125C6CAD5E077 /* Build configuration list for PBXNativeTarget "Presentation" */;
			buildPhases = (
				6E9CD50250B1D25D521AA786 /* Sources */,
				910004ACADB040F314C8F0D0 /* Resources */,
				F8EFC021F87F16576C4CABA6 /* Embed Frameworks */,
				1F5FEA6D159A4A67CB1A577C /* Frameworks */,
			);
			buildRules = (
			);
			dependencies = (
				B51151C77C71B4879D392B62 /* PBXTargetDependency */,
			);
			name = Presentation;
			packageProductDependencies = (
				235B2C3FC5756DD6B9301A85 /* ComposableArchitecture */,
			);
			productName = Presentation;
			productReference = 522140584A25FC6BD01CE2D8 /* Presentation.framework */;
			productType = "com.apple.product-type.framework";
		};
/* End PBXNativeTarget section */

/* Begin PBXProject section */
		CF46D361BD7AE3093E4806F3 /* Project object */ = {
			isa = PBXProject;
			attributes = {
				BuildIndependentTargetsInParallel = YES;
				ORGANIZATIONNAME = "Mandamong-iOS";
				TargetAttributes = {
					45D955F02E84705104BD1452 = {
						TestTargetID = 3827872983B4CD55733D03FF;
					};
				};
			};
			buildConfigurationList = 1AA87BCA8A384811F5702908 /* Build configuration list for PBXProject "Mandamong" */;
			compatibilityVersion = "Xcode 14.0";
			developmentRegion = en;
			hasScannedForEncodings = 0;
			knownRegions = (
				Base,
				en,
			);
			mainGroup = FE9A4A3C17E468C973712498;
			packageReferences = (
				8547AEDF2CAF3AAA7303F40B /* XCRemoteSwiftPackageReference "Moya" */,
				12259E53F297D6F9109BA367 /* XCRemoteSwiftPackageReference "swift-composable-architecture" */,
			);
			productRefGroup = 862170E85C34D7F5CF049EA3 /* Products */;
			projectDirPath = "";
			projectRoot = "";
			targets = (
				511A20A36173862828F570F3 /* Domain */,
				8680C3763903A715E3E6D8B2 /* Infrastructure */,
				3827872983B4CD55733D03FF /* Mandamong */,
				45D955F02E84705104BD1452 /* MandamongTests */,
				FF6B58FB740BC8FD574498FE /* Presentation */,
				244B6337682B65E0ECF9537B /* Repository */,
			);
		};
/* End PBXProject section */

/* Begin PBXResourcesBuildPhase section */
		12B90554EE9260FEB449AFCB /* Resources */ = {
			isa = PBXResourcesBuildPhase;
			buildActionMask = 2147483647;
			files = (
			);
			runOnlyForDeploymentPostprocessing = 0;
		};
/* End PBXResourcesBuildPhase section */

/* Begin PBXSourcesBuildPhase section */
		0489FFFD2E65D86100390B13 /* Sources */ = {
		8CBA472916D2D1C564BB7A82 /* Resources */ = {
			isa = PBXResourcesBuildPhase;
			buildActionMask = 2147483647;
			files = (
			);
			runOnlyForDeploymentPostprocessing = 0;
		};
		910004ACADB040F314C8F0D0 /* Resources */ = {
			isa = PBXResourcesBuildPhase;
			buildActionMask = 2147483647;
			files = (
			);
			runOnlyForDeploymentPostprocessing = 0;
		};
		E3A7162A932FD13534BE5A6D /* Resources */ = {
			isa = PBXResourcesBuildPhase;
			buildActionMask = 2147483647;
			files = (
				F90661C9CB47D3DBD50A110A /* Assets.xcassets in Resources */,
				7BD7E5D149B6509ADAC1A4AE /* SpoqaHanSansNeo-Bold.otf in Resources */,
				5D44FCE493276EE55F281795 /* SpoqaHanSansNeo-Medium.otf in Resources */,
				A450BEE7BB17EB7EA371F3A6 /* SpoqaHanSansNeo-Regular.otf in Resources */,
				9D853107CFA11BE1FEFA817D /* Preview Assets.xcassets in Resources */,
			);
			runOnlyForDeploymentPostprocessing = 0;
		};
		EAE0A537F1F1BA012234A91B /* Resources */ = {
			isa = PBXResourcesBuildPhase;
			buildActionMask = 2147483647;
			files = (
			);
			runOnlyForDeploymentPostprocessing = 0;
		};
		F50E63F365F37B3B911A03BF /* Resources */ = {
			isa = PBXResourcesBuildPhase;
			buildActionMask = 2147483647;
			files = (
			);
			runOnlyForDeploymentPostprocessing = 0;
		};
/* End PBXResourcesBuildPhase section */

/* Begin PBXSourcesBuildPhase section */
		43D2253797C786CCD2DD783D /* Sources */ = {
			isa = PBXSourcesBuildPhase;
			buildActionMask = 2147483647;
			files = (
				221406FB41F72881C623BED6 /* TuistAssets+Mandamong.swift in Sources */,
				1224B3B65AE4B5D72C740311 /* TuistBundle+Mandamong.swift in Sources */,
				81042D8B98B657F9B1ECDAA8 /* TuistFonts+Mandamong.swift in Sources */,
				6FFB68A5E5202CD330EE4385 /* MandamongApp.swift in Sources */,
			);
			runOnlyForDeploymentPostprocessing = 0;
		};
		62E5A4DC542518C95286094A /* Sources */ = {
			isa = PBXSourcesBuildPhase;
			buildActionMask = 2147483647;
			files = (
			);
			runOnlyForDeploymentPostprocessing = 0;
		};
		6E9CD50250B1D25D521AA786 /* Sources */ = {
			isa = PBXSourcesBuildPhase;
			buildActionMask = 2147483647;
			files = (
				6A7865E611782ABE11ABC9AB /* MandaratView.swift in Sources */,
				B75DC76EA88CC5974FFE5B0F /* RootView.swift in Sources */,
				169C8A5A8877EF435092879F /* Color.swift in Sources */,
				C16963CCCC2B19AF9E2656EA /* MandamongTextStyle.swift in Sources */,
				7EF97B871919D79B60D4027F /* ProminentButtonStyle.swift in Sources */,
			);
			runOnlyForDeploymentPostprocessing = 0;
		};
		90D2AB8FDECF57700BB73B61 /* Sources */ = {
			isa = PBXSourcesBuildPhase;
			buildActionMask = 2147483647;
			files = (
				06FCEF36036BDCA999DAE385 /* MandamongTests.swift in Sources */,
			);
			runOnlyForDeploymentPostprocessing = 0;
		};
		96F516A993A4487C2C4FE8A3 /* Sources */ = {
			isa = PBXSourcesBuildPhase;
			buildActionMask = 2147483647;
			files = (
				C595D45BFAE85F327FABCD8F /* Mandarat.swift in Sources */,
				9D786741DC3AFFE820265D93 /* OrderOption.swift in Sources */,
			);
			runOnlyForDeploymentPostprocessing = 0;
		};
		9D1CDB89F067837782C44768 /* Sources */ = {
			isa = PBXSourcesBuildPhase;
			buildActionMask = 2147483647;
			files = (
				2487F9503A998DD272367400 /* AISuggestionResponseDTO.swift in Sources */,
				2DCF14CB33C71D6D00284333 /* CreateActionWithGoalRequestDTO.swift in Sources */,
				69D336F9B3AA9FBC2C218343 /* CreateMandaratByTopicResponseDTO.swift in Sources */,
				B23145764BA4824C0E27A81E /* EmailAuthenticationCodeRequestDTO.swift in Sources */,
				68917B2C2D82093E3FF8BDD2 /* LoginRequestDTO.swift in Sources */,
				0F5AB32C1BFF8F40209F9DC3 /* MandaratDetailReponseDTO.swift in Sources */,
				1633EC687D4553FFBB2DF95F /* MandaratListResponseDTO.swift in Sources */,
				9D6EDBC6B2E42D9BAEDA37F7 /* ReissueTokenRequestDTO.swift in Sources */,
				0A0D57E0855F0AC294B2C5E1 /* ResponseDTO.swift in Sources */,
				6B536E0A1CADF2B98F80EAE9 /* SaveMandaratDTO.swift in Sources */,
				61DC135F54C3B7FEADC8EC12 /* UpdateActionStatusDTO.swift in Sources */,
				D7CB5A27EC01F76EFFFAE0F8 /* UpdateMandaratActionDTO.swift in Sources */,
				122DFD348B8880F15104982F /* UpdateMandaratObjectiveDTO.swift in Sources */,
				29F20E24A826A9258007B7BE /* UpdateMandaratSubjectDTO.swift in Sources */,
				784FDB0D66D0190E46762612 /* UpdateMandaratTitleDTO.swift in Sources */,
				16E768E82F0E68CEF1245010 /* Endpoint.swift in Sources */,
				61DADDCF28F947031E7D8C16 /* NetworkService.swift in Sources */,
			);
			runOnlyForDeploymentPostprocessing = 0;
		};
/* End PBXSourcesBuildPhase section */

/* Begin PBXTargetDependency section */
		37FAFD3D220CECF75A9D9779 /* PBXTargetDependency */ = {
			isa = PBXTargetDependency;
			name = Mandamong;
			target = 3827872983B4CD55733D03FF /* Mandamong */;
			targetProxy = 084608599673604BCF1921B7 /* PBXContainerItemProxy */;
		};
		44C1ECE79B1B2E597ABC2D99 /* PBXTargetDependency */ = {
			isa = PBXTargetDependency;
			name = Domain;
			target = 511A20A36173862828F570F3 /* Domain */;
			targetProxy = F5A2FC698885E38504818ABD /* PBXContainerItemProxy */;
		};
		5A768D156C1C08085E40A6B5 /* PBXTargetDependency */ = {
			isa = PBXTargetDependency;
			name = Infrastructure;
			target = 8680C3763903A715E3E6D8B2 /* Infrastructure */;
			targetProxy = 3A49CD76108545341A9F8918 /* PBXContainerItemProxy */;
		};
		5BC73E13D287561FE6CE13CE /* PBXTargetDependency */ = {
			isa = PBXTargetDependency;
			name = Presentation;
			target = FF6B58FB740BC8FD574498FE /* Presentation */;
			targetProxy = E8C3AB03115E06D202C1D891 /* PBXContainerItemProxy */;
		};
		B51151C77C71B4879D392B62 /* PBXTargetDependency */ = {
			isa = PBXTargetDependency;
			name = Domain;
			target = 511A20A36173862828F570F3 /* Domain */;
			targetProxy = 85B54897AE6D8B9DF26C6245 /* PBXContainerItemProxy */;
		};
		FF5BBF037FAD649A73A0DE08 /* PBXTargetDependency */ = {
			isa = PBXTargetDependency;
			name = Repository;
			target = 244B6337682B65E0ECF9537B /* Repository */;
			targetProxy = 2B66FC13C71C5E6F6EA02EC5 /* PBXContainerItemProxy */;
		};
/* End PBXTargetDependency section */

/* Begin XCBuildConfiguration section */
		0489000A2E65D86200390B13 /* Debug */ = {
		166E2180005E433C5EEF2F47 /* Release */ = {
			isa = XCBuildConfiguration;
			buildSettings = {
				CODE_SIGN_IDENTITY = "";
				CURRENT_PROJECT_VERSION = 1;
				DEFINES_MODULE = YES;
				DYLIB_COMPATIBILITY_VERSION = 1;
				DYLIB_CURRENT_VERSION = 1;
				DYLIB_INSTALL_NAME_BASE = "@rpath";
				INFOPLIST_FILE = "Derived/InfoPlists/Repository-Info.plist";
				INSTALL_PATH = "$(LOCAL_LIBRARY_DIR)/Frameworks";
				LD_RUNPATH_SEARCH_PATHS = (
					"$(inherited)",
					"@executable_path/Frameworks",
					"@loader_path/Frameworks",
				);
				PRODUCT_BUNDLE_IDENTIFIER = com.SwainYun.Mandamong.repository;
				PRODUCT_NAME = Repository;
				SDKROOT = iphoneos;
				SKIP_INSTALL = YES;
				SUPPORTS_MACCATALYST = NO;
				SUPPORTS_MAC_DESIGNED_FOR_IPHONE_IPAD = YES;
				SUPPORTS_XR_DESIGNED_FOR_IPHONE_IPAD = NO;
				SWIFT_COMPILATION_MODE = wholemodule;
				SWIFT_OPTIMIZATION_LEVEL = "-Owholemodule";
				SWIFT_VERSION = 5.0;
				TARGETED_DEVICE_FAMILY = "1,2";
				VERSIONING_SYSTEM = "apple-generic";
				VERSION_INFO_PREFIX = "";
			};
			name = Release;
		};
		333B2EA5D6F20D798885A401 /* Debug */ = {
			isa = XCBuildConfiguration;
			buildSettings = {
				CODE_SIGN_IDENTITY = "";
				CURRENT_PROJECT_VERSION = 1;
				DEFINES_MODULE = YES;
				DYLIB_COMPATIBILITY_VERSION = 1;
				DYLIB_CURRENT_VERSION = 1;
				DYLIB_INSTALL_NAME_BASE = "@rpath";
				INFOPLIST_FILE = "Derived/InfoPlists/Repository-Info.plist";
				INSTALL_PATH = "$(LOCAL_LIBRARY_DIR)/Frameworks";
				LD_RUNPATH_SEARCH_PATHS = (
					"$(inherited)",
					"@executable_path/Frameworks",
					"@loader_path/Frameworks",
				);
				PRODUCT_BUNDLE_IDENTIFIER = com.SwainYun.Mandamong.repository;
				PRODUCT_NAME = Repository;
				SDKROOT = iphoneos;
				SKIP_INSTALL = YES;
				SUPPORTS_MACCATALYST = NO;
				SUPPORTS_MAC_DESIGNED_FOR_IPHONE_IPAD = YES;
				SUPPORTS_XR_DESIGNED_FOR_IPHONE_IPAD = NO;
				SWIFT_ACTIVE_COMPILATION_CONDITIONS = (
					"$(inherited)",
					DEBUG,
				);
				SWIFT_COMPILATION_MODE = singlefile;
				SWIFT_OPTIMIZATION_LEVEL = "-Onone";
				SWIFT_VERSION = 5.0;
				TARGETED_DEVICE_FAMILY = "1,2";
				VERSIONING_SYSTEM = "apple-generic";
				VERSION_INFO_PREFIX = "";
			};
			name = Debug;
		};
		3E30911B2CBBFD11C47606C0 /* Debug */ = {
			isa = XCBuildConfiguration;
			buildSettings = {
				ALWAYS_SEARCH_USER_PATHS = NO;
				ASSETCATALOG_COMPILER_GENERATE_SWIFT_ASSET_SYMBOL_EXTENSIONS = YES;
				CLANG_ANALYZER_LOCALIZABILITY_NONLOCALIZED = YES;
				CLANG_ANALYZER_NONNULL = YES;
				CLANG_ANALYZER_NUMBER_OBJECT_CONVERSION = YES_AGGRESSIVE;
				CLANG_CXX_LANGUAGE_STANDARD = "gnu++20";
				CLANG_CXX_LANGUAGE_STANDARD = "gnu++14";
				CLANG_CXX_LIBRARY = "libc++";
				CLANG_ENABLE_MODULES = YES;
				CLANG_ENABLE_OBJC_ARC = YES;
				CLANG_ENABLE_OBJC_WEAK = YES;
				CLANG_WARN_BLOCK_CAPTURE_AUTORELEASING = YES;
				CLANG_WARN_BOOL_CONVERSION = YES;
				CLANG_WARN_COMMA = YES;
				CLANG_WARN_CONSTANT_CONVERSION = YES;
				CLANG_WARN_DEPRECATED_OBJC_IMPLEMENTATIONS = YES;
				CLANG_WARN_DIRECT_OBJC_ISA_USAGE = YES_ERROR;
				CLANG_WARN_DOCUMENTATION_COMMENTS = YES;
				CLANG_WARN_EMPTY_BODY = YES;
				CLANG_WARN_ENUM_CONVERSION = YES;
				CLANG_WARN_INFINITE_RECURSION = YES;
				CLANG_WARN_INT_CONVERSION = YES;
				CLANG_WARN_NON_LITERAL_NULL_CONVERSION = YES;
				CLANG_WARN_OBJC_IMPLICIT_RETAIN_SELF = YES;
				CLANG_WARN_OBJC_LITERAL_CONVERSION = YES;
				CLANG_WARN_OBJC_ROOT_CLASS = YES_ERROR;
				CLANG_WARN_QUOTED_INCLUDE_IN_FRAMEWORK_HEADER = YES;
				CLANG_WARN_RANGE_LOOP_ANALYSIS = YES;
				CLANG_WARN_STRICT_PROTOTYPES = YES;
				CLANG_WARN_SUSPICIOUS_MOVE = YES;
				CLANG_WARN_UNGUARDED_AVAILABILITY = YES_AGGRESSIVE;
				CLANG_WARN_UNREACHABLE_CODE = YES;
				CLANG_WARN__DUPLICATE_METHOD_MATCH = YES;
				COPY_PHASE_STRIP = NO;
				DEAD_CODE_STRIPPING = YES;
				DEBUG_INFORMATION_FORMAT = dwarf;
				ENABLE_STRICT_OBJC_MSGSEND = YES;
				ENABLE_TESTABILITY = YES;
				GCC_C_LANGUAGE_STANDARD = gnu11;
				GCC_DYNAMIC_NO_PIC = NO;
				GCC_NO_COMMON_BLOCKS = YES;
				GCC_OPTIMIZATION_LEVEL = 0;
				GCC_PREPROCESSOR_DEFINITIONS = (
					"DEBUG=1",
					"$(inherited)",
				);
				GCC_WARN_64_TO_32_BIT_CONVERSION = YES;
				GCC_WARN_ABOUT_RETURN_TYPE = YES_ERROR;
				GCC_WARN_UNDECLARED_SELECTOR = YES;
				GCC_WARN_UNINITIALIZED_AUTOS = YES_AGGRESSIVE;
				GCC_WARN_UNUSED_FUNCTION = YES;
				GCC_WARN_UNUSED_VARIABLE = YES;
				MTL_ENABLE_DEBUG_INFO = YES;
				ONLY_ACTIVE_ARCH = YES;
				PRODUCT_NAME = "$(TARGET_NAME)";
			};
			name = Debug;
		};
		595B2C80DF57CA39E3DCF3A8 /* Debug */ = {
			isa = XCBuildConfiguration;
			buildSettings = {
				ASSETCATALOG_COMPILER_APPICON_NAME = AppIcon;
				CODE_SIGN_IDENTITY = "iPhone Developer";
				ENABLE_PREVIEWS = YES;
				INFOPLIST_FILE = "Derived/InfoPlists/Mandamong-Info.plist";
				LD_RUNPATH_SEARCH_PATHS = (
					"$(inherited)",
					"@executable_path/Frameworks",
				);
				PRODUCT_BUNDLE_IDENTIFIER = com.SwainYun.Mandamong;
				PRODUCT_NAME = Mandamong;
				SDKROOT = iphoneos;
				SUPPORTS_MACCATALYST = NO;
				SUPPORTS_MAC_DESIGNED_FOR_IPHONE_IPAD = YES;
				SUPPORTS_XR_DESIGNED_FOR_IPHONE_IPAD = NO;
				SWIFT_ACTIVE_COMPILATION_CONDITIONS = (
					"$(inherited)",
					DEBUG,
				);
				SWIFT_COMPILATION_MODE = singlefile;
				SWIFT_OPTIMIZATION_LEVEL = "-Onone";
				SWIFT_VERSION = 5.0;
				TARGETED_DEVICE_FAMILY = "1,2";
			};
			name = Debug;
		};
		700CA563AB301E970BFD6E3F /* Debug */ = {
			isa = XCBuildConfiguration;
			buildSettings = {
				CODE_SIGN_IDENTITY = "";
				CURRENT_PROJECT_VERSION = 1;
				DEFINES_MODULE = YES;
				DYLIB_COMPATIBILITY_VERSION = 1;
				DYLIB_CURRENT_VERSION = 1;
				DYLIB_INSTALL_NAME_BASE = "@rpath";
				INFOPLIST_FILE = "Derived/InfoPlists/Domain-Info.plist";
				INSTALL_PATH = "$(LOCAL_LIBRARY_DIR)/Frameworks";
				LD_RUNPATH_SEARCH_PATHS = (
					"$(inherited)",
					"@executable_path/Frameworks",
					"@loader_path/Frameworks",
				);
				PRODUCT_BUNDLE_IDENTIFIER = com.SwainYun.Mandamong.domain;
				PRODUCT_NAME = Domain;
				SDKROOT = iphoneos;
				SKIP_INSTALL = YES;
				SUPPORTS_MACCATALYST = NO;
				SUPPORTS_MAC_DESIGNED_FOR_IPHONE_IPAD = YES;
				SUPPORTS_XR_DESIGNED_FOR_IPHONE_IPAD = NO;
				SWIFT_ACTIVE_COMPILATION_CONDITIONS = (
					"$(inherited)",
					DEBUG,
				);
				SWIFT_COMPILATION_MODE = singlefile;
				SWIFT_OPTIMIZATION_LEVEL = "-Onone";
				SWIFT_VERSION = 5.0;
				TARGETED_DEVICE_FAMILY = "1,2";
				VERSIONING_SYSTEM = "apple-generic";
				VERSION_INFO_PREFIX = "";
			};
			name = Debug;
		};
		8834BC4E376D2E2EA841417B /* Release */ = {
			isa = XCBuildConfiguration;
			buildSettings = {
				ALWAYS_SEARCH_USER_PATHS = NO;
				CLANG_ANALYZER_LOCALIZABILITY_NONLOCALIZED = YES;
				CLANG_ANALYZER_NONNULL = YES;
				CLANG_ANALYZER_NUMBER_OBJECT_CONVERSION = YES_AGGRESSIVE;
				CLANG_CXX_LANGUAGE_STANDARD = "gnu++14";
				CLANG_CXX_LIBRARY = "libc++";
				CLANG_ENABLE_MODULES = YES;
				CLANG_ENABLE_OBJC_ARC = YES;
				CLANG_ENABLE_OBJC_WEAK = YES;
				CLANG_WARN_BLOCK_CAPTURE_AUTORELEASING = YES;
				CLANG_WARN_BOOL_CONVERSION = YES;
				CLANG_WARN_COMMA = YES;
				CLANG_WARN_CONSTANT_CONVERSION = YES;
				CLANG_WARN_DEPRECATED_OBJC_IMPLEMENTATIONS = YES;
				CLANG_WARN_DIRECT_OBJC_ISA_USAGE = YES_ERROR;
				CLANG_WARN_DOCUMENTATION_COMMENTS = YES;
				CLANG_WARN_EMPTY_BODY = YES;
				CLANG_WARN_ENUM_CONVERSION = YES;
				CLANG_WARN_INFINITE_RECURSION = YES;
				CLANG_WARN_INT_CONVERSION = YES;
				CLANG_WARN_NON_LITERAL_NULL_CONVERSION = YES;
				CLANG_WARN_OBJC_IMPLICIT_RETAIN_SELF = YES;
				CLANG_WARN_OBJC_LITERAL_CONVERSION = YES;
				CLANG_WARN_OBJC_ROOT_CLASS = YES_ERROR;
				CLANG_WARN_QUOTED_INCLUDE_IN_FRAMEWORK_HEADER = YES;
				CLANG_WARN_RANGE_LOOP_ANALYSIS = YES;
				CLANG_WARN_STRICT_PROTOTYPES = YES;
				CLANG_WARN_SUSPICIOUS_MOVE = YES;
				CLANG_WARN_UNGUARDED_AVAILABILITY = YES_AGGRESSIVE;
				CLANG_WARN_UNREACHABLE_CODE = YES;
				CLANG_WARN__DUPLICATE_METHOD_MATCH = YES;
				COPY_PHASE_STRIP = NO;
				DEAD_CODE_STRIPPING = YES;
				DEBUG_INFORMATION_FORMAT = "dwarf-with-dsym";
				ENABLE_NS_ASSERTIONS = NO;
				ENABLE_STRICT_OBJC_MSGSEND = YES;
				GCC_C_LANGUAGE_STANDARD = gnu11;
				GCC_NO_COMMON_BLOCKS = YES;
				GCC_WARN_64_TO_32_BIT_CONVERSION = YES;
				GCC_WARN_ABOUT_RETURN_TYPE = YES_ERROR;
				GCC_WARN_UNDECLARED_SELECTOR = YES;
				GCC_WARN_UNINITIALIZED_AUTOS = YES_AGGRESSIVE;
				GCC_WARN_UNUSED_FUNCTION = YES;
				GCC_WARN_UNUSED_VARIABLE = YES;
				MTL_ENABLE_DEBUG_INFO = NO;
				PRODUCT_NAME = "$(TARGET_NAME)";
				VALIDATE_PRODUCT = YES;
			};
			name = Release;
		};
		8B85D3335EFAF46D375BDE20 /* Release */ = {
			isa = XCBuildConfiguration;
			buildSettings = {
				CODE_SIGN_IDENTITY = "";
				CURRENT_PROJECT_VERSION = 1;
				DEFINES_MODULE = YES;
				DYLIB_COMPATIBILITY_VERSION = 1;
				DYLIB_CURRENT_VERSION = 1;
				DYLIB_INSTALL_NAME_BASE = "@rpath";
				INFOPLIST_FILE = "Derived/InfoPlists/Domain-Info.plist";
				INSTALL_PATH = "$(LOCAL_LIBRARY_DIR)/Frameworks";
				LD_RUNPATH_SEARCH_PATHS = (
					"$(inherited)",
					"@executable_path/Frameworks",
					"@loader_path/Frameworks",
				);
				PRODUCT_BUNDLE_IDENTIFIER = com.SwainYun.Mandamong.domain;
				PRODUCT_NAME = Domain;
				SDKROOT = iphoneos;
				SKIP_INSTALL = YES;
				SUPPORTS_MACCATALYST = NO;
				SUPPORTS_MAC_DESIGNED_FOR_IPHONE_IPAD = YES;
				SUPPORTS_XR_DESIGNED_FOR_IPHONE_IPAD = NO;
				SWIFT_COMPILATION_MODE = wholemodule;
				SWIFT_OPTIMIZATION_LEVEL = "-Owholemodule";
				SWIFT_VERSION = 5.0;
				TARGETED_DEVICE_FAMILY = "1,2";
				VERSIONING_SYSTEM = "apple-generic";
				VERSION_INFO_PREFIX = "";
			};
			name = Release;
		};
		8DD543C7E66A492F21F7F0B1 /* Release */ = {
			isa = XCBuildConfiguration;
			buildSettings = {
				CODE_SIGN_IDENTITY = "";
				CURRENT_PROJECT_VERSION = 1;
				DEFINES_MODULE = YES;
				DYLIB_COMPATIBILITY_VERSION = 1;
				DYLIB_CURRENT_VERSION = 1;
				DYLIB_INSTALL_NAME_BASE = "@rpath";
				INFOPLIST_FILE = "Derived/InfoPlists/Presentation-Info.plist";
				INSTALL_PATH = "$(LOCAL_LIBRARY_DIR)/Frameworks";
				LD_RUNPATH_SEARCH_PATHS = (
					"$(inherited)",
					"@executable_path/Frameworks",
					"@loader_path/Frameworks",
				);
				PRODUCT_BUNDLE_IDENTIFIER = com.SwainYun.Mandamong.presentation;
				PRODUCT_NAME = Presentation;
				SDKROOT = iphoneos;
				SKIP_INSTALL = YES;
				SUPPORTS_MACCATALYST = NO;
				SUPPORTS_MAC_DESIGNED_FOR_IPHONE_IPAD = YES;
				SUPPORTS_XR_DESIGNED_FOR_IPHONE_IPAD = NO;
				SWIFT_COMPILATION_MODE = wholemodule;
				SWIFT_OPTIMIZATION_LEVEL = "-Owholemodule";
				SWIFT_VERSION = 5.0;
				TARGETED_DEVICE_FAMILY = "1,2";
				VERSIONING_SYSTEM = "apple-generic";
				VERSION_INFO_PREFIX = "";
			};
			name = Release;
		};
		A890F55F31D74B6A683795F2 /* Release */ = {
			isa = XCBuildConfiguration;
			buildSettings = {
				CODE_SIGN_IDENTITY = "";
				CURRENT_PROJECT_VERSION = 1;
				DEFINES_MODULE = YES;
				DYLIB_COMPATIBILITY_VERSION = 1;
				DYLIB_CURRENT_VERSION = 1;
				DYLIB_INSTALL_NAME_BASE = "@rpath";
				INFOPLIST_FILE = "Derived/InfoPlists/Infrastructure-Info.plist";
				INSTALL_PATH = "$(LOCAL_LIBRARY_DIR)/Frameworks";
				LD_RUNPATH_SEARCH_PATHS = (
					"$(inherited)",
					"@executable_path/Frameworks",
					"@loader_path/Frameworks",
				);
				PRODUCT_BUNDLE_IDENTIFIER = com.SwainYun.Mandamong.infrastructure;
				PRODUCT_NAME = Infrastructure;
				SDKROOT = iphoneos;
				SKIP_INSTALL = YES;
				SUPPORTS_MACCATALYST = NO;
				SUPPORTS_MAC_DESIGNED_FOR_IPHONE_IPAD = YES;
				SUPPORTS_XR_DESIGNED_FOR_IPHONE_IPAD = NO;
				SWIFT_COMPILATION_MODE = wholemodule;
				SWIFT_OPTIMIZATION_LEVEL = "-Owholemodule";
				SWIFT_VERSION = 5.0;
				TARGETED_DEVICE_FAMILY = "1,2";
				VERSIONING_SYSTEM = "apple-generic";
				VERSION_INFO_PREFIX = "";
			};
			name = Release;
		};
		B35453D79E40D349D0DC4FEF /* Release */ = {
			isa = XCBuildConfiguration;
			buildSettings = {
				BUNDLE_LOADER = "$(TEST_HOST)";
				CODE_SIGN_IDENTITY = "iPhone Developer";
				INFOPLIST_FILE = "Derived/InfoPlists/MandamongTests-Info.plist";
				LD_RUNPATH_SEARCH_PATHS = (
					"$(inherited)",
					"@executable_path/Frameworks",
					"@loader_path/Frameworks",
				);
				PRODUCT_BUNDLE_IDENTIFIER = com.SwainYun.Mandamong.Tests;
				PRODUCT_NAME = MandamongTests;
				SDKROOT = iphoneos;
				SUPPORTS_MACCATALYST = NO;
				SUPPORTS_MAC_DESIGNED_FOR_IPHONE_IPAD = YES;
				SUPPORTS_XR_DESIGNED_FOR_IPHONE_IPAD = NO;
				SWIFT_COMPILATION_MODE = wholemodule;
				SWIFT_OPTIMIZATION_LEVEL = "-Owholemodule";
				SWIFT_VERSION = 5.0;
				TARGETED_DEVICE_FAMILY = "1,2";
				TEST_HOST = "$(BUILT_PRODUCTS_DIR)/Mandamong.app/$(BUNDLE_EXECUTABLE_FOLDER_PATH)/Mandamong";
				TEST_TARGET_NAME = Mandamong;
			};
			name = Release;
		};
		CA1AC60FBB6B1AEC251BD436 /* Release */ = {
			isa = XCBuildConfiguration;
			buildSettings = {
				ASSETCATALOG_COMPILER_APPICON_NAME = AppIcon;
				CODE_SIGN_IDENTITY = "iPhone Developer";
				ENABLE_PREVIEWS = YES;
				INFOPLIST_FILE = "Derived/InfoPlists/Mandamong-Info.plist";
				LD_RUNPATH_SEARCH_PATHS = (
					"$(inherited)",
					"@executable_path/Frameworks",
				);
				PRODUCT_BUNDLE_IDENTIFIER = com.SwainYun.Mandamong;
				PRODUCT_NAME = Mandamong;
				SDKROOT = iphoneos;
				SUPPORTS_MACCATALYST = NO;
				SUPPORTS_MAC_DESIGNED_FOR_IPHONE_IPAD = YES;
				SUPPORTS_XR_DESIGNED_FOR_IPHONE_IPAD = NO;
				SWIFT_COMPILATION_MODE = wholemodule;
				SWIFT_OPTIMIZATION_LEVEL = "-Owholemodule";
				SWIFT_VERSION = 5.0;
				TARGETED_DEVICE_FAMILY = "1,2";
			};
			name = Release;
		};
		CE04CAD939531F8C67DF9D1C /* Debug */ = {
			isa = XCBuildConfiguration;
			buildSettings = {
				BUNDLE_LOADER = "$(TEST_HOST)";
				CODE_SIGN_IDENTITY = "iPhone Developer";
				INFOPLIST_FILE = "Derived/InfoPlists/MandamongTests-Info.plist";
				LD_RUNPATH_SEARCH_PATHS = (
					"$(inherited)",
					"@executable_path/Frameworks",
					"@loader_path/Frameworks",
				);
				PRODUCT_BUNDLE_IDENTIFIER = com.SwainYun.Mandamong.Tests;
				PRODUCT_NAME = MandamongTests;
				SDKROOT = iphoneos;
				SUPPORTS_MACCATALYST = NO;
				SUPPORTS_MAC_DESIGNED_FOR_IPHONE_IPAD = YES;
				SUPPORTS_XR_DESIGNED_FOR_IPHONE_IPAD = NO;
				SWIFT_ACTIVE_COMPILATION_CONDITIONS = (
					"$(inherited)",
					DEBUG,
				);
				SWIFT_COMPILATION_MODE = singlefile;
				SWIFT_OPTIMIZATION_LEVEL = "-Onone";
				SWIFT_VERSION = 5.0;
				TARGETED_DEVICE_FAMILY = "1,2";
				TEST_HOST = "$(BUILT_PRODUCTS_DIR)/Mandamong.app/$(BUNDLE_EXECUTABLE_FOLDER_PATH)/Mandamong";
				TEST_TARGET_NAME = Mandamong;
			};
			name = Debug;
		};
		F183ABC2DDB515B22DF85D30 /* Debug */ = {
			isa = XCBuildConfiguration;
			buildSettings = {
				CODE_SIGN_IDENTITY = "";
				CURRENT_PROJECT_VERSION = 1;
				DEFINES_MODULE = YES;
				DYLIB_COMPATIBILITY_VERSION = 1;
				DYLIB_CURRENT_VERSION = 1;
				DYLIB_INSTALL_NAME_BASE = "@rpath";
				INFOPLIST_FILE = "Derived/InfoPlists/Presentation-Info.plist";
				INSTALL_PATH = "$(LOCAL_LIBRARY_DIR)/Frameworks";
				LD_RUNPATH_SEARCH_PATHS = (
					"$(inherited)",
					"@executable_path/Frameworks",
					"@loader_path/Frameworks",
				);
				PRODUCT_BUNDLE_IDENTIFIER = com.SwainYun.Mandamong.presentation;
				PRODUCT_NAME = Presentation;
				SDKROOT = iphoneos;
				SKIP_INSTALL = YES;
				SUPPORTS_MACCATALYST = NO;
				SUPPORTS_MAC_DESIGNED_FOR_IPHONE_IPAD = YES;
				SUPPORTS_XR_DESIGNED_FOR_IPHONE_IPAD = NO;
				SWIFT_ACTIVE_COMPILATION_CONDITIONS = (
					"$(inherited)",
					DEBUG,
				);
				SWIFT_COMPILATION_MODE = singlefile;
				SWIFT_OPTIMIZATION_LEVEL = "-Onone";
				SWIFT_VERSION = 5.0;
				TARGETED_DEVICE_FAMILY = "1,2";
				VERSIONING_SYSTEM = "apple-generic";
				VERSION_INFO_PREFIX = "";
			};
			name = Debug;
		};
		F7D3AF81F7A40FF39E6A85D6 /* Debug */ = {
			isa = XCBuildConfiguration;
			buildSettings = {
				CODE_SIGN_IDENTITY = "";
				CURRENT_PROJECT_VERSION = 1;
				DEFINES_MODULE = YES;
				DYLIB_COMPATIBILITY_VERSION = 1;
				DYLIB_CURRENT_VERSION = 1;
				DYLIB_INSTALL_NAME_BASE = "@rpath";
				INFOPLIST_FILE = "Derived/InfoPlists/Infrastructure-Info.plist";
				INSTALL_PATH = "$(LOCAL_LIBRARY_DIR)/Frameworks";
				LD_RUNPATH_SEARCH_PATHS = (
					"$(inherited)",
					"@executable_path/Frameworks",
					"@loader_path/Frameworks",
				);
				PRODUCT_BUNDLE_IDENTIFIER = com.SwainYun.Mandamong.infrastructure;
				PRODUCT_NAME = Infrastructure;
				SDKROOT = iphoneos;
				SKIP_INSTALL = YES;
				SUPPORTS_MACCATALYST = NO;
				SUPPORTS_MAC_DESIGNED_FOR_IPHONE_IPAD = YES;
				SUPPORTS_XR_DESIGNED_FOR_IPHONE_IPAD = NO;
				SWIFT_ACTIVE_COMPILATION_CONDITIONS = (
					"$(inherited)",
					DEBUG,
				);
				SWIFT_COMPILATION_MODE = singlefile;
				SWIFT_OPTIMIZATION_LEVEL = "-Onone";
				SWIFT_VERSION = 5.0;
				TARGETED_DEVICE_FAMILY = "1,2";
				VERSIONING_SYSTEM = "apple-generic";
				VERSION_INFO_PREFIX = "";
			};
			name = Debug;
		};
/* End XCBuildConfiguration section */

/* Begin XCConfigurationList section */
		1AA87BCA8A384811F5702908 /* Build configuration list for PBXProject "Mandamong" */ = {
			isa = XCConfigurationList;
			buildConfigurations = (
				3E30911B2CBBFD11C47606C0 /* Debug */,
				8834BC4E376D2E2EA841417B /* Release */,
			);
			defaultConfigurationIsVisible = 0;
			defaultConfigurationName = Release;
		};
		2C57D6F2561D975636922752 /* Build configuration list for PBXNativeTarget "Infrastructure" */ = {
			isa = XCConfigurationList;
			buildConfigurations = (
				F7D3AF81F7A40FF39E6A85D6 /* Debug */,
				A890F55F31D74B6A683795F2 /* Release */,
			);
			defaultConfigurationIsVisible = 0;
			defaultConfigurationName = Release;
		};
		377922E20590630C23D36341 /* Build configuration list for PBXNativeTarget "MandamongTests" */ = {
			isa = XCConfigurationList;
			buildConfigurations = (
				CE04CAD939531F8C67DF9D1C /* Debug */,
				B35453D79E40D349D0DC4FEF /* Release */,
			);
			defaultConfigurationIsVisible = 0;
			defaultConfigurationName = Release;
		};
		67FF366A561B18DFACE80951 /* Build configuration list for PBXNativeTarget "Domain" */ = {
			isa = XCConfigurationList;
			buildConfigurations = (
				700CA563AB301E970BFD6E3F /* Debug */,
				8B85D3335EFAF46D375BDE20 /* Release */,
			);
			defaultConfigurationIsVisible = 0;
			defaultConfigurationName = Release;
		};
		AC939082EC408667E85C6BD3 /* Build configuration list for PBXNativeTarget "Mandamong" */ = {
			isa = XCConfigurationList;
			buildConfigurations = (
				595B2C80DF57CA39E3DCF3A8 /* Debug */,
				CA1AC60FBB6B1AEC251BD436 /* Release */,
			);
			defaultConfigurationIsVisible = 0;
			defaultConfigurationName = Release;
		};
		BC093DDA516125C6CAD5E077 /* Build configuration list for PBXNativeTarget "Presentation" */ = {
			isa = XCConfigurationList;
			buildConfigurations = (
				F183ABC2DDB515B22DF85D30 /* Debug */,
				8DD543C7E66A492F21F7F0B1 /* Release */,
			);
			defaultConfigurationIsVisible = 0;
			defaultConfigurationName = Release;
		};
		D3EF2AD6319C866C4D7830A2 /* Build configuration list for PBXNativeTarget "Repository" */ = {
			isa = XCConfigurationList;
			buildConfigurations = (
				333B2EA5D6F20D798885A401 /* Debug */,
				166E2180005E433C5EEF2F47 /* Release */,
			);
			defaultConfigurationIsVisible = 0;
			defaultConfigurationName = Release;
		};
/* End XCConfigurationList section */

/* Begin XCRemoteSwiftPackageReference section */
		12259E53F297D6F9109BA367 /* XCRemoteSwiftPackageReference "swift-composable-architecture" */ = {
			isa = XCRemoteSwiftPackageReference;
			repositoryURL = "https://github.com/pointfreeco/swift-composable-architecture";
			requirement = {
				kind = upToNextMajorVersion;
				minimumVersion = 1.22.2;
			};
		};
		8547AEDF2CAF3AAA7303F40B /* XCRemoteSwiftPackageReference "Moya" */ = {
			isa = XCRemoteSwiftPackageReference;
			repositoryURL = "https://github.com/Moya/Moya";
			requirement = {
				kind = upToNextMajorVersion;
				minimumVersion = 15.0.3;
			};
		};
/* End XCRemoteSwiftPackageReference section */

/* Begin XCSwiftPackageProductDependency section */
		235B2C3FC5756DD6B9301A85 /* ComposableArchitecture */ = {
			isa = XCSwiftPackageProductDependency;
			productName = ComposableArchitecture;
		};
		AD39F550533109B2C300A196 /* Moya */ = {
			isa = XCSwiftPackageProductDependency;
			productName = Moya;
		};
/* End XCSwiftPackageProductDependency section */
	};
	rootObject = CF46D361BD7AE3093E4806F3 /* Project object */;
}
